// !$*UTF8*$!
{
	archiveVersion = 1;
	classes = {
	};
	objectVersion = 54;
	objects = {

/* Begin PBXBuildFile section */
		06C098778DBE24A543023E55 /* GameKit.framework in Frameworks */ = {isa = PBXBuildFile; fileRef = C40DF222D10214CC72CF357A /* GameKit.framework */; };
		07FE8CCC0C59740B9FC7AF93 /* GameSceneObjects.swift in Sources */ = {isa = PBXBuildFile; fileRef = 9849E6C2A425C8D0FF79E79E /* GameSceneObjects.swift */; };
		26E635EF5FEBBB506D8699B3 /* backgroundMusicOne.mp3 in Resources */ = {isa = PBXBuildFile; fileRef = 4D9670171D10231EB60F5634 /* backgroundMusicOne.mp3 */; };
		34CE477DA668C235E8DA3FF4 /* AppDelegate.swift in Sources */ = {isa = PBXBuildFile; fileRef = 040A58DCC8CD1C42297E062F /* AppDelegate.swift */; };
		387127250C0AA46F0FD95F15 /* Localizable.strings in Resources */ = {isa = PBXBuildFile; fileRef = 8F9F098A26F4ECCABAED5AAA /* Localizable.strings */; };
		842D2277A31B35B40918311E /* GameSceneActions.swift in Sources */ = {isa = PBXBuildFile; fileRef = 3EF59FCF3AAA51F5BD2B6A2D /* GameSceneActions.swift */; };
		8506E2213CAA49F8455E929E /* Assets.xcassets in Resources */ = {isa = PBXBuildFile; fileRef = 315CE1E1F2B131AF5D03B725 /* Assets.xcassets */; };
		8623A23B2BCB869C21D0B818 /* LaunchScreen.storyboard in Resources */ = {isa = PBXBuildFile; fileRef = 987BD59C18718580CA85577C /* LaunchScreen.storyboard */; };
		903A8F11D160FE5CE8A982D8 /* GameScene.swift in Sources */ = {isa = PBXBuildFile; fileRef = 3E94CEE8661C0DFBE9EAAFA8 /* GameScene.swift */; };
		92F09FD7F24474B401A34844 /* Utils.swift in Sources */ = {isa = PBXBuildFile; fileRef = 48592EE483E3EB38D7B2DA94 /* Utils.swift */; };
		98139CFED1F6E98F2BF5BCBD /* Constants.swift in Sources */ = {isa = PBXBuildFile; fileRef = EB4BFE7CE324FB4FB3C5DEDA /* Constants.swift */; };
		9AF67CAB2C1C08A6C2456DE3 /* Actions.sks in Resources */ = {isa = PBXBuildFile; fileRef = 9E22A41CE48A1943A5AEE0A3 /* Actions.sks */; };
		9FC012BA7775C6F57FFF165F /* Main.storyboard in Resources */ = {isa = PBXBuildFile; fileRef = 472DB7F41844891D45326F2D /* Main.storyboard */; };
		A3A290AC2D4811C000C38FD3 /* GameOverSceneObjects.swift in Sources */ = {isa = PBXBuildFile; fileRef = A3A290AB2D4811B700C38FD3 /* GameOverSceneObjects.swift */; };
		A3A290AE2D482D4900C38FD3 /* BaseSceneObjects.swift in Sources */ = {isa = PBXBuildFile; fileRef = A3A290AD2D482D4300C38FD3 /* BaseSceneObjects.swift */; };
		A3A290B02D48301F00C38FD3 /* StarEmitter.swift in Sources */ = {isa = PBXBuildFile; fileRef = A3A290AF2D48301B00C38FD3 /* StarEmitter.swift */; };
		A3F069392C4F531A00BD8E9F /* AboutViewController.swift in Sources */ = {isa = PBXBuildFile; fileRef = A3F069332C4F531A00BD8E9F /* AboutViewController.swift */; };
		A3F0693A2C4F531A00BD8E9F /* GameCenterViewController.swift in Sources */ = {isa = PBXBuildFile; fileRef = A3F069342C4F531A00BD8E9F /* GameCenterViewController.swift */; };
		A3F0693B2C4F531A00BD8E9F /* GameViewController.swift in Sources */ = {isa = PBXBuildFile; fileRef = A3F069352C4F531A00BD8E9F /* GameViewController.swift */; };
		A3F0693C2C4F531A00BD8E9F /* MainViewController.swift in Sources */ = {isa = PBXBuildFile; fileRef = A3F069362C4F531A00BD8E9F /* MainViewController.swift */; };
		A3F0693D2C4F531A00BD8E9F /* SettingsViewController.swift in Sources */ = {isa = PBXBuildFile; fileRef = A3F069372C4F531A00BD8E9F /* SettingsViewController.swift */; };
		A44D4029C27385DF3FEB1C9B /* Localizable.strings in Resources */ = {isa = PBXBuildFile; fileRef = 7AF131DF44E3E3C2A37A2CEE /* Localizable.strings */; };
		B38CFAFEBFECB57BFDA2FC46 /* GameScene.sks in Resources */ = {isa = PBXBuildFile; fileRef = C43F9467480F7E8C6FB924B1 /* GameScene.sks */; };
		D2B5D3763CBD8219193574C9 /* Localizable.strings in Resources */ = {isa = PBXBuildFile; fileRef = 5C1D561A2685C136AF0EEF0C /* Localizable.strings */; };
		D30F18840A0FF80159AF89FE /* PressStart2P-Regular.ttf in Resources */ = {isa = PBXBuildFile; fileRef = 62C0D206C4FE5496650A4E50 /* PressStart2P-Regular.ttf */; };
		D93D27C5472645CFD7D7A968 /* StarEmitter.sks in Resources */ = {isa = PBXBuildFile; fileRef = FF42E5206EF1763D7665FE51 /* StarEmitter.sks */; };
		E05CAFC374B1DE61CB67B165 /* shotSound.mp3 in Resources */ = {isa = PBXBuildFile; fileRef = 0DB23AD311848251BC71A207 /* shotSound.mp3 */; };
		FB5A2EB14653B0AE4C8970A9 /* GameOverScene.swift in Sources */ = {isa = PBXBuildFile; fileRef = AE40CC975194EB1021EA67BC /* GameOverScene.swift */; };
/* End PBXBuildFile section */

/* Begin PBXFileReference section */
		040A58DCC8CD1C42297E062F /* AppDelegate.swift */ = {isa = PBXFileReference; lastKnownFileType = sourcecode.swift; path = AppDelegate.swift; sourceTree = "<group>"; };
		0DB23AD311848251BC71A207 /* shotSound.mp3 */ = {isa = PBXFileReference; lastKnownFileType = audio.mp3; path = shotSound.mp3; sourceTree = "<group>"; };
		29F7265E16BCBF5DB1DBF06A /* Base */ = {isa = PBXFileReference; lastKnownFileType = file.storyboard; name = Base; path = Base.lproj/Main.storyboard; sourceTree = "<group>"; };
		2A65E80945B2BE47C3E83C67 /* Base */ = {isa = PBXFileReference; lastKnownFileType = file.storyboard; name = Base; path = Base.lproj/LaunchScreen.storyboard; sourceTree = "<group>"; };
		315CE1E1F2B131AF5D03B725 /* Assets.xcassets */ = {isa = PBXFileReference; lastKnownFileType = folder.assetcatalog; path = Assets.xcassets; sourceTree = "<group>"; };
		3E94CEE8661C0DFBE9EAAFA8 /* GameScene.swift */ = {isa = PBXFileReference; lastKnownFileType = sourcecode.swift; path = GameScene.swift; sourceTree = "<group>"; };
		3EF59FCF3AAA51F5BD2B6A2D /* GameSceneActions.swift */ = {isa = PBXFileReference; lastKnownFileType = sourcecode.swift; path = GameSceneActions.swift; sourceTree = "<group>"; };
		48592EE483E3EB38D7B2DA94 /* Utils.swift */ = {isa = PBXFileReference; lastKnownFileType = sourcecode.swift; path = Utils.swift; sourceTree = "<group>"; };
		4D9670171D10231EB60F5634 /* backgroundMusicOne.mp3 */ = {isa = PBXFileReference; lastKnownFileType = audio.mp3; path = backgroundMusicOne.mp3; sourceTree = "<group>"; };
		5C1D561A2685C136AF0EEF0C /* Localizable.strings */ = {isa = PBXFileReference; lastKnownFileType = text.plist.strings; name = Localizable.strings; path = es.lproj/Localizable.strings; sourceTree = "<group>"; };
		62C0D206C4FE5496650A4E50 /* PressStart2P-Regular.ttf */ = {isa = PBXFileReference; lastKnownFileType = file; path = "PressStart2P-Regular.ttf"; sourceTree = "<group>"; };
		7675F40AA9481A7764A0FC8F /* Info.plist */ = {isa = PBXFileReference; lastKnownFileType = text.plist; path = Info.plist; sourceTree = "<group>"; };
		7AF131DF44E3E3C2A37A2CEE /* Localizable.strings */ = {isa = PBXFileReference; lastKnownFileType = text.plist.strings; name = Localizable.strings; path = en.lproj/Localizable.strings; sourceTree = "<group>"; };
		8F9F098A26F4ECCABAED5AAA /* Localizable.strings */ = {isa = PBXFileReference; lastKnownFileType = text.plist.strings; name = Localizable.strings; path = "pt-BR.lproj/Localizable.strings"; sourceTree = "<group>"; };
		9849E6C2A425C8D0FF79E79E /* GameSceneObjects.swift */ = {isa = PBXFileReference; lastKnownFileType = sourcecode.swift; path = GameSceneObjects.swift; sourceTree = "<group>"; };
		9E22A41CE48A1943A5AEE0A3 /* Actions.sks */ = {isa = PBXFileReference; lastKnownFileType = file.sks; path = Actions.sks; sourceTree = "<group>"; };
		A3A290AB2D4811B700C38FD3 /* GameOverSceneObjects.swift */ = {isa = PBXFileReference; lastKnownFileType = sourcecode.swift; path = GameOverSceneObjects.swift; sourceTree = "<group>"; };
		A3A290AD2D482D4300C38FD3 /* BaseSceneObjects.swift */ = {isa = PBXFileReference; lastKnownFileType = sourcecode.swift; path = BaseSceneObjects.swift; sourceTree = "<group>"; };
		A3A290AF2D48301B00C38FD3 /* StarEmitter.swift */ = {isa = PBXFileReference; lastKnownFileType = sourcecode.swift; path = StarEmitter.swift; sourceTree = "<group>"; };
		A3A291002D483EF800C38FD3 /* GameKit.framework */ = {isa = PBXFileReference; lastKnownFileType = wrapper.framework; name = GameKit.framework; path = Platforms/MacOSX.platform/Developer/SDKs/MacOSX15.2.sdk/System/iOSSupport/System/Library/Frameworks/GameKit.framework; sourceTree = DEVELOPER_DIR; };
		A3F069332C4F531A00BD8E9F /* AboutViewController.swift */ = {isa = PBXFileReference; fileEncoding = 4; lastKnownFileType = sourcecode.swift; path = AboutViewController.swift; sourceTree = "<group>"; };
		A3F069342C4F531A00BD8E9F /* GameCenterViewController.swift */ = {isa = PBXFileReference; fileEncoding = 4; lastKnownFileType = sourcecode.swift; path = GameCenterViewController.swift; sourceTree = "<group>"; };
		A3F069352C4F531A00BD8E9F /* GameViewController.swift */ = {isa = PBXFileReference; fileEncoding = 4; lastKnownFileType = sourcecode.swift; path = GameViewController.swift; sourceTree = "<group>"; };
		A3F069362C4F531A00BD8E9F /* MainViewController.swift */ = {isa = PBXFileReference; fileEncoding = 4; lastKnownFileType = sourcecode.swift; path = MainViewController.swift; sourceTree = "<group>"; };
		A3F069372C4F531A00BD8E9F /* SettingsViewController.swift */ = {isa = PBXFileReference; fileEncoding = 4; lastKnownFileType = sourcecode.swift; path = SettingsViewController.swift; sourceTree = "<group>"; };
		AE40CC975194EB1021EA67BC /* GameOverScene.swift */ = {isa = PBXFileReference; lastKnownFileType = sourcecode.swift; path = GameOverScene.swift; sourceTree = "<group>"; };
		C40DF222D10214CC72CF357A /* GameKit.framework */ = {isa = PBXFileReference; lastKnownFileType = wrapper.framework; name = GameKit.framework; path = System/Library/Frameworks/GameKit.framework; sourceTree = SDKROOT; };
		C43F9467480F7E8C6FB924B1 /* GameScene.sks */ = {isa = PBXFileReference; lastKnownFileType = file.sks; path = GameScene.sks; sourceTree = "<group>"; };
		E76C44544DE77089F10A306B /* Spacecraft.app */ = {isa = PBXFileReference; explicitFileType = wrapper.application; includeInIndex = 0; path = Spacecraft.app; sourceTree = BUILT_PRODUCTS_DIR; };
		EB4BFE7CE324FB4FB3C5DEDA /* Constants.swift */ = {isa = PBXFileReference; lastKnownFileType = sourcecode.swift; path = Constants.swift; sourceTree = "<group>"; };
		FF42E5206EF1763D7665FE51 /* StarEmitter.sks */ = {isa = PBXFileReference; lastKnownFileType = file.sks; path = StarEmitter.sks; sourceTree = "<group>"; };
/* End PBXFileReference section */

/* Begin PBXFrameworksBuildPhase section */
		2DAB474958C8A2937DB5044A /* Frameworks */ = {
			isa = PBXFrameworksBuildPhase;
			buildActionMask = 2147483647;
			files = (
				06C098778DBE24A543023E55 /* GameKit.framework in Frameworks */,
			);
			runOnlyForDeploymentPostprocessing = 0;
		};
/* End PBXFrameworksBuildPhase section */

/* Begin PBXGroup section */
		10D2B8E20DC7A3D129C71629 /* Fonts */ = {
			isa = PBXGroup;
			children = (
				62C0D206C4FE5496650A4E50 /* PressStart2P-Regular.ttf */,
			);
			path = Fonts;
			sourceTree = "<group>";
		};
		12A667B7E7725C933701B681 /* Helpers */ = {
			isa = PBXGroup;
			children = (
				EB4BFE7CE324FB4FB3C5DEDA /* Constants.swift */,
				48592EE483E3EB38D7B2DA94 /* Utils.swift */,
				A3A290AF2D48301B00C38FD3 /* StarEmitter.swift */,
			);
			path = Helpers;
			sourceTree = "<group>";
		};
		1BCCE88F50C6641E58AFFFF3 /* Resources */ = {
			isa = PBXGroup;
			children = (
				315CE1E1F2B131AF5D03B725 /* Assets.xcassets */,
				987BD59C18718580CA85577C /* LaunchScreen.storyboard */,
				7AF131DF44E3E3C2A37A2CEE /* Localizable.strings */,
				5C1D561A2685C136AF0EEF0C /* Localizable.strings */,
				8F9F098A26F4ECCABAED5AAA /* Localizable.strings */,
				472DB7F41844891D45326F2D /* Main.storyboard */,
				10D2B8E20DC7A3D129C71629 /* Fonts */,
				F31486A03C7121A2BA24B23C /* Sks */,
				91BDEF6092DB3C5B6A71CAA7 /* Sound */,
			);
			path = Resources;
			sourceTree = "<group>";
		};
		2938D6D011857909823D1E2A /* Scenes */ = {
			isa = PBXGroup;
			children = (
				AE40CC975194EB1021EA67BC /* GameOverScene.swift */,
				3E94CEE8661C0DFBE9EAAFA8 /* GameScene.swift */,
			);
			path = Scenes;
			sourceTree = "<group>";
		};
		45BD8C30FCC5FB5A02C97634 /* Supporting Files */ = {
			isa = PBXGroup;
			children = (
				7675F40AA9481A7764A0FC8F /* Info.plist */,
			);
			path = "Supporting Files";
			sourceTree = "<group>";
		};
		91BDEF6092DB3C5B6A71CAA7 /* Sound */ = {
			isa = PBXGroup;
			children = (
				4D9670171D10231EB60F5634 /* backgroundMusicOne.mp3 */,
				0DB23AD311848251BC71A207 /* shotSound.mp3 */,
			);
			path = Sound;
			sourceTree = "<group>";
		};
		A36DB411DF357F3AC1A1FA0B /* Frameworks */ = {
			isa = PBXGroup;
			children = (
				A3A291002D483EF800C38FD3 /* GameKit.framework */,
				C40DF222D10214CC72CF357A /* GameKit.framework */,
			);
			name = Frameworks;
			sourceTree = "<group>";
		};
		A3A290A92D48115800C38FD3 /* Objects */ = {
			isa = PBXGroup;
			children = (
				A3A290AD2D482D4300C38FD3 /* BaseSceneObjects.swift */,
				A3A290AB2D4811B700C38FD3 /* GameOverSceneObjects.swift */,
				9849E6C2A425C8D0FF79E79E /* GameSceneObjects.swift */,
			);
			path = Objects;
			sourceTree = "<group>";
		};
		A3A290AA2D48118D00C38FD3 /* Actions */ = {
			isa = PBXGroup;
			children = (
				3EF59FCF3AAA51F5BD2B6A2D /* GameSceneActions.swift */,
			);
			path = Actions;
			sourceTree = "<group>";
		};
		A3F069382C4F531A00BD8E9F /* Controllers */ = {
			isa = PBXGroup;
			children = (
				A3F069332C4F531A00BD8E9F /* AboutViewController.swift */,
				A3F069342C4F531A00BD8E9F /* GameCenterViewController.swift */,
				A3F069352C4F531A00BD8E9F /* GameViewController.swift */,
				A3F069362C4F531A00BD8E9F /* MainViewController.swift */,
				A3F069372C4F531A00BD8E9F /* SettingsViewController.swift */,
			);
			path = Controllers;
			sourceTree = "<group>";
		};
		B1610EF8BB23FAD4619BC220 = {
			isa = PBXGroup;
			children = (
				CBACA19C5293FC3D3BD0AEF4 /* Spacecraft */,
				A36DB411DF357F3AC1A1FA0B /* Frameworks */,
				ED91521E81430F5C99096870 /* Products */,
			);
			indentWidth = 4;
			sourceTree = "<group>";
			tabWidth = 4;
			usesTabs = 0;
		};
		CBACA19C5293FC3D3BD0AEF4 /* Spacecraft */ = {
			isa = PBXGroup;
			children = (
				040A58DCC8CD1C42297E062F /* AppDelegate.swift */,
				A3A290AA2D48118D00C38FD3 /* Actions */,
				A3F069382C4F531A00BD8E9F /* Controllers */,
				12A667B7E7725C933701B681 /* Helpers */,
				A3A290A92D48115800C38FD3 /* Objects */,
				1BCCE88F50C6641E58AFFFF3 /* Resources */,
				2938D6D011857909823D1E2A /* Scenes */,
				45BD8C30FCC5FB5A02C97634 /* Supporting Files */,
			);
			path = Spacecraft;
			sourceTree = "<group>";
		};
		ED91521E81430F5C99096870 /* Products */ = {
			isa = PBXGroup;
			children = (
				E76C44544DE77089F10A306B /* Spacecraft.app */,
			);
			name = Products;
			sourceTree = "<group>";
		};
		F31486A03C7121A2BA24B23C /* Sks */ = {
			isa = PBXGroup;
			children = (
				9E22A41CE48A1943A5AEE0A3 /* Actions.sks */,
				C43F9467480F7E8C6FB924B1 /* GameScene.sks */,
				FF42E5206EF1763D7665FE51 /* StarEmitter.sks */,
			);
			path = Sks;
			sourceTree = "<group>";
		};
/* End PBXGroup section */

/* Begin PBXNativeTarget section */
		3F20623D73756173F041908C /* Spacecraft */ = {
			isa = PBXNativeTarget;
			buildConfigurationList = AB57154DE7D09778B3001431 /* Build configuration list for PBXNativeTarget "Spacecraft" */;
			buildPhases = (
				6509148F82F0BDC4699B742B /* Sources */,
				F2B310A0E084CCE6A42F9D09 /* Resources */,
				2DAB474958C8A2937DB5044A /* Frameworks */,
			);
			buildRules = (
			);
			dependencies = (
			);
			name = Spacecraft;
			productName = Spacecraft;
			productReference = E76C44544DE77089F10A306B /* Spacecraft.app */;
			productType = "com.apple.product-type.application";
		};
/* End PBXNativeTarget section */

/* Begin PBXProject section */
		C8CCAC8795BA8EDB83D0C188 /* Project object */ = {
			isa = PBXProject;
			attributes = {
				BuildIndependentTargetsInParallel = YES;
				LastSwiftUpdateCheck = 1620;
				LastUpgradeCheck = 1620;
				TargetAttributes = {
					3F20623D73756173F041908C = {
						SystemCapabilities = {
							com.apple.GameCenter = {
								enabled = 1;
							};
						};
					};
				};
			};
			buildConfigurationList = FA657B1A06FCED683F26020C /* Build configuration list for PBXProject "Spacecraft" */;
			compatibilityVersion = "Xcode 10.0";
			developmentRegion = en;
			hasScannedForEncodings = 0;
			knownRegions = (
				Base,
				en,
				es,
				"pt-BR",
			);
			mainGroup = B1610EF8BB23FAD4619BC220;
			projectDirPath = "";
			projectRoot = "";
			targets = (
				3F20623D73756173F041908C /* Spacecraft */,
			);
		};
/* End PBXProject section */

/* Begin PBXResourcesBuildPhase section */
		F2B310A0E084CCE6A42F9D09 /* Resources */ = {
			isa = PBXResourcesBuildPhase;
			buildActionMask = 2147483647;
			files = (
				9AF67CAB2C1C08A6C2456DE3 /* Actions.sks in Resources */,
				8506E2213CAA49F8455E929E /* Assets.xcassets in Resources */,
				B38CFAFEBFECB57BFDA2FC46 /* GameScene.sks in Resources */,
				8623A23B2BCB869C21D0B818 /* LaunchScreen.storyboard in Resources */,
				A44D4029C27385DF3FEB1C9B /* Localizable.strings in Resources */,
				D2B5D3763CBD8219193574C9 /* Localizable.strings in Resources */,
				387127250C0AA46F0FD95F15 /* Localizable.strings in Resources */,
				9FC012BA7775C6F57FFF165F /* Main.storyboard in Resources */,
				D30F18840A0FF80159AF89FE /* PressStart2P-Regular.ttf in Resources */,
				D93D27C5472645CFD7D7A968 /* StarEmitter.sks in Resources */,
				26E635EF5FEBBB506D8699B3 /* backgroundMusicOne.mp3 in Resources */,
				E05CAFC374B1DE61CB67B165 /* shotSound.mp3 in Resources */,
			);
			runOnlyForDeploymentPostprocessing = 0;
		};
/* End PBXResourcesBuildPhase section */

/* Begin PBXSourcesBuildPhase section */
		6509148F82F0BDC4699B742B /* Sources */ = {
			isa = PBXSourcesBuildPhase;
			buildActionMask = 2147483647;
			files = (
				A3F0693B2C4F531A00BD8E9F /* GameViewController.swift in Sources */,
				A3F0693C2C4F531A00BD8E9F /* MainViewController.swift in Sources */,
				A3A290AC2D4811C000C38FD3 /* GameOverSceneObjects.swift in Sources */,
				34CE477DA668C235E8DA3FF4 /* AppDelegate.swift in Sources */,
				98139CFED1F6E98F2BF5BCBD /* Constants.swift in Sources */,
				A3A290B02D48301F00C38FD3 /* StarEmitter.swift in Sources */,
				FB5A2EB14653B0AE4C8970A9 /* GameOverScene.swift in Sources */,
				903A8F11D160FE5CE8A982D8 /* GameScene.swift in Sources */,
				842D2277A31B35B40918311E /* GameSceneActions.swift in Sources */,
				07FE8CCC0C59740B9FC7AF93 /* GameSceneObjects.swift in Sources */,
				A3F069392C4F531A00BD8E9F /* AboutViewController.swift in Sources */,
				A3F0693A2C4F531A00BD8E9F /* GameCenterViewController.swift in Sources */,
				92F09FD7F24474B401A34844 /* Utils.swift in Sources */,
				A3A290AE2D482D4900C38FD3 /* BaseSceneObjects.swift in Sources */,
				A3F0693D2C4F531A00BD8E9F /* SettingsViewController.swift in Sources */,
			);
			runOnlyForDeploymentPostprocessing = 0;
		};
/* End PBXSourcesBuildPhase section */

/* Begin PBXVariantGroup section */
		472DB7F41844891D45326F2D /* Main.storyboard */ = {
			isa = PBXVariantGroup;
			children = (
				29F7265E16BCBF5DB1DBF06A /* Base */,
			);
			name = Main.storyboard;
			sourceTree = "<group>";
		};
		987BD59C18718580CA85577C /* LaunchScreen.storyboard */ = {
			isa = PBXVariantGroup;
			children = (
				2A65E80945B2BE47C3E83C67 /* Base */,
			);
			name = LaunchScreen.storyboard;
			sourceTree = "<group>";
		};
/* End PBXVariantGroup section */

/* Begin XCBuildConfiguration section */
		64DB5F03E758278494F04F63 /* Release */ = {
			isa = XCBuildConfiguration;
			buildSettings = {
				ALWAYS_SEARCH_USER_PATHS = NO;
				CLANG_ANALYZER_LOCALIZABILITY_NONLOCALIZED = YES;
				CLANG_ANALYZER_NONNULL = YES;
				CLANG_ANALYZER_NUMBER_OBJECT_CONVERSION = YES_AGGRESSIVE;
				CLANG_CXX_LANGUAGE_STANDARD = "gnu++14";
				CLANG_CXX_LIBRARY = "libc++";
				CLANG_ENABLE_MODULES = YES;
				CLANG_ENABLE_OBJC_ARC = YES;
				CLANG_ENABLE_OBJC_WEAK = YES;
				CLANG_WARN_BLOCK_CAPTURE_AUTORELEASING = YES;
				CLANG_WARN_BOOL_CONVERSION = YES;
				CLANG_WARN_COMMA = YES;
				CLANG_WARN_CONSTANT_CONVERSION = YES;
				CLANG_WARN_DEPRECATED_OBJC_IMPLEMENTATIONS = YES;
				CLANG_WARN_DIRECT_OBJC_ISA_USAGE = YES_ERROR;
				CLANG_WARN_DOCUMENTATION_COMMENTS = YES;
				CLANG_WARN_EMPTY_BODY = YES;
				CLANG_WARN_ENUM_CONVERSION = YES;
				CLANG_WARN_INFINITE_RECURSION = YES;
				CLANG_WARN_INT_CONVERSION = YES;
				CLANG_WARN_NON_LITERAL_NULL_CONVERSION = YES;
				CLANG_WARN_OBJC_IMPLICIT_RETAIN_SELF = YES;
				CLANG_WARN_OBJC_LITERAL_CONVERSION = YES;
				CLANG_WARN_OBJC_ROOT_CLASS = YES_ERROR;
				CLANG_WARN_QUOTED_INCLUDE_IN_FRAMEWORK_HEADER = YES;
				CLANG_WARN_RANGE_LOOP_ANALYSIS = YES;
				CLANG_WARN_STRICT_PROTOTYPES = YES;
				CLANG_WARN_SUSPICIOUS_MOVE = YES;
				CLANG_WARN_UNGUARDED_AVAILABILITY = YES_AGGRESSIVE;
				CLANG_WARN_UNREACHABLE_CODE = YES;
				CLANG_WARN__DUPLICATE_METHOD_MATCH = YES;
				COPY_PHASE_STRIP = NO;
				CURRENT_PROJECT_VERSION = 224;
				DEBUG_INFORMATION_FORMAT = "dwarf-with-dsym";
				ENABLE_NS_ASSERTIONS = NO;
				ENABLE_STRICT_OBJC_MSGSEND = YES;
				ENABLE_USER_SCRIPT_SANDBOXING = YES;
				GCC_C_LANGUAGE_STANDARD = gnu11;
				GCC_NO_COMMON_BLOCKS = YES;
				GCC_WARN_64_TO_32_BIT_CONVERSION = YES;
				GCC_WARN_ABOUT_RETURN_TYPE = YES_ERROR;
				GCC_WARN_UNDECLARED_SELECTOR = YES;
				GCC_WARN_UNINITIALIZED_AUTOS = YES_AGGRESSIVE;
				GCC_WARN_UNUSED_FUNCTION = YES;
				GCC_WARN_UNUSED_VARIABLE = YES;
				MARKETING_VERSION = 1.7;
				MTL_ENABLE_DEBUG_INFO = NO;
				MTL_FAST_MATH = YES;
				PRODUCT_NAME = "$(TARGET_NAME)";
				SDKROOT = iphoneos;
				SWIFT_COMPILATION_MODE = wholemodule;
				SWIFT_OPTIMIZATION_LEVEL = "-O";
				SWIFT_VERSION = 5.0;
			};
			name = Release;
		};
		934FED669F1D1C06194C683D /* Debug */ = {
			isa = XCBuildConfiguration;
			buildSettings = {
				ALWAYS_SEARCH_USER_PATHS = NO;
				CLANG_ANALYZER_LOCALIZABILITY_NONLOCALIZED = YES;
				CLANG_ANALYZER_NONNULL = YES;
				CLANG_ANALYZER_NUMBER_OBJECT_CONVERSION = YES_AGGRESSIVE;
				CLANG_CXX_LANGUAGE_STANDARD = "gnu++14";
				CLANG_CXX_LIBRARY = "libc++";
				CLANG_ENABLE_MODULES = YES;
				CLANG_ENABLE_OBJC_ARC = YES;
				CLANG_ENABLE_OBJC_WEAK = YES;
				CLANG_WARN_BLOCK_CAPTURE_AUTORELEASING = YES;
				CLANG_WARN_BOOL_CONVERSION = YES;
				CLANG_WARN_COMMA = YES;
				CLANG_WARN_CONSTANT_CONVERSION = YES;
				CLANG_WARN_DEPRECATED_OBJC_IMPLEMENTATIONS = YES;
				CLANG_WARN_DIRECT_OBJC_ISA_USAGE = YES_ERROR;
				CLANG_WARN_DOCUMENTATION_COMMENTS = YES;
				CLANG_WARN_EMPTY_BODY = YES;
				CLANG_WARN_ENUM_CONVERSION = YES;
				CLANG_WARN_INFINITE_RECURSION = YES;
				CLANG_WARN_INT_CONVERSION = YES;
				CLANG_WARN_NON_LITERAL_NULL_CONVERSION = YES;
				CLANG_WARN_OBJC_IMPLICIT_RETAIN_SELF = YES;
				CLANG_WARN_OBJC_LITERAL_CONVERSION = YES;
				CLANG_WARN_OBJC_ROOT_CLASS = YES_ERROR;
				CLANG_WARN_QUOTED_INCLUDE_IN_FRAMEWORK_HEADER = YES;
				CLANG_WARN_RANGE_LOOP_ANALYSIS = YES;
				CLANG_WARN_STRICT_PROTOTYPES = YES;
				CLANG_WARN_SUSPICIOUS_MOVE = YES;
				CLANG_WARN_UNGUARDED_AVAILABILITY = YES_AGGRESSIVE;
				CLANG_WARN_UNREACHABLE_CODE = YES;
				CLANG_WARN__DUPLICATE_METHOD_MATCH = YES;
				COPY_PHASE_STRIP = NO;
				CURRENT_PROJECT_VERSION = 224;
				DEBUG_INFORMATION_FORMAT = dwarf;
				ENABLE_STRICT_OBJC_MSGSEND = YES;
				ENABLE_TESTABILITY = YES;
				ENABLE_USER_SCRIPT_SANDBOXING = YES;
				GCC_C_LANGUAGE_STANDARD = gnu11;
				GCC_DYNAMIC_NO_PIC = NO;
				GCC_NO_COMMON_BLOCKS = YES;
				GCC_OPTIMIZATION_LEVEL = 0;
				GCC_PREPROCESSOR_DEFINITIONS = (
					"$(inherited)",
					"DEBUG=1",
				);
				GCC_WARN_64_TO_32_BIT_CONVERSION = YES;
				GCC_WARN_ABOUT_RETURN_TYPE = YES_ERROR;
				GCC_WARN_UNDECLARED_SELECTOR = YES;
				GCC_WARN_UNINITIALIZED_AUTOS = YES_AGGRESSIVE;
				GCC_WARN_UNUSED_FUNCTION = YES;
				GCC_WARN_UNUSED_VARIABLE = YES;
				MARKETING_VERSION = 1.7;
				MTL_ENABLE_DEBUG_INFO = INCLUDE_SOURCE;
				MTL_FAST_MATH = YES;
				ONLY_ACTIVE_ARCH = YES;
				PRODUCT_NAME = "$(TARGET_NAME)";
				SDKROOT = iphoneos;
				SWIFT_ACTIVE_COMPILATION_CONDITIONS = DEBUG;
				SWIFT_OPTIMIZATION_LEVEL = "-Onone";
				SWIFT_VERSION = 5.0;
			};
			name = Debug;
		};
		9BFAC2BA8B09375647EB18DE /* Debug */ = {
			isa = XCBuildConfiguration;
			buildSettings = {
				ASSETCATALOG_COMPILER_APPICON_NAME = AppIcon;
				CODE_SIGN_IDENTITY = "iPhone Developer";
				"CODE_SIGN_IDENTITY[sdk=iphoneos*]" = "iPhone Distribution";
				CODE_SIGN_STYLE = Manual;
				DEBUG_INFORMATION_FORMAT = "dwarf-with-dsym";
				DEVELOPMENT_TEAM = "";
				"DEVELOPMENT_TEAM[sdk=iphoneos*]" = RPLZ7M7P8X;
				INFOPLIST_FILE = "Spacecraft/Supporting Files/Info.plist";
				IPHONEOS_DEPLOYMENT_TARGET = 12.0;
				IPHONEOS_DEPOYMENT_TARGET = 12;
				LD_RUNPATH_SEARCH_PATHS = (
					"$(inherited)",
					"@executable_path/Frameworks",
				);
				MARKETING_VERSION = 1.7.1;
				OTHER_SWIFT_FLAGS = "$(inherited) \"-D\" \"DEBUG\"";
				PRODUCT_BUNDLE_IDENTIFIER = com.cassiodiego.Spacecraft;
				PROVISIONING_PROFILE_SPECIFIER = "";
				"PROVISIONING_PROFILE_SPECIFIER[sdk=iphoneos*]" = Spacecraft;
				SDKROOT = iphoneos;
				SWIFT_VERSION = 5.5;
				TARGETED_DEVICE_FAMILY = 1;
			};
			name = Debug;
		};
		F4566895EB4E49DD1DA12E38 /* Release */ = {
			isa = XCBuildConfiguration;
			buildSettings = {
				ASSETCATALOG_COMPILER_APPICON_NAME = AppIcon;
				CODE_SIGN_IDENTITY = "iPhone Developer";
				"CODE_SIGN_IDENTITY[sdk=iphoneos*]" = "iPhone Distribution";
				CODE_SIGN_STYLE = Manual;
				DEBUG_INFORMATION_FORMAT = "dwarf-with-dsym";
				DEVELOPMENT_TEAM = "";
				"DEVELOPMENT_TEAM[sdk=iphoneos*]" = RPLZ7M7P8X;
				INFOPLIST_FILE = "Spacecraft/Supporting Files/Info.plist";
				IPHONEOS_DEPLOYMENT_TARGET = 12.0;
				IPHONEOS_DEPOYMENT_TARGET = 12;
				LD_RUNPATH_SEARCH_PATHS = (
					"$(inherited)",
					"@executable_path/Frameworks",
				);
				MARKETING_VERSION = 1.7.1;
				OTHER_SWIFT_FLAGS = "$(inherited) \"-D\" \"RELEASE\"";
				PRODUCT_BUNDLE_IDENTIFIER = com.cassiodiego.Spacecraft;
				PROVISIONING_PROFILE_SPECIFIER = "";
				"PROVISIONING_PROFILE_SPECIFIER[sdk=iphoneos*]" = Spacecraft;
				SDKROOT = iphoneos;
				SWIFT_VERSION = 5.5;
				TARGETED_DEVICE_FAMILY = 1;
			};
			name = Release;
		};
/* End XCBuildConfiguration section */

/* Begin XCConfigurationList section */
		AB57154DE7D09778B3001431 /* Build configuration list for PBXNativeTarget "Spacecraft" */ = {
			isa = XCConfigurationList;
			buildConfigurations = (
				9BFAC2BA8B09375647EB18DE /* Debug */,
				F4566895EB4E49DD1DA12E38 /* Release */,
			);
			defaultConfigurationIsVisible = 0;
			defaultConfigurationName = Debug;
		};
		FA657B1A06FCED683F26020C /* Build configuration list for PBXProject "Spacecraft" */ = {
			isa = XCConfigurationList;
			buildConfigurations = (
				934FED669F1D1C06194C683D /* Debug */,
				64DB5F03E758278494F04F63 /* Release */,
			);
			defaultConfigurationIsVisible = 0;
			defaultConfigurationName = Debug;
		};
/* End XCConfigurationList section */
	};
	rootObject = C8CCAC8795BA8EDB83D0C188 /* Project object */;
}
